lockfileVersion: 5.4

specifiers:
  '@rollup/plugin-json': ^5.0.2
  rollup: ^3.7.0

dependencies:
  '@rollup/plugin-json': registry.npmmirror.com/@rollup/plugin-json/5.0.2_rollup@3.7.0
  rollup: registry.npmmirror.com/rollup/3.7.0

packages:

  registry.npmmirror.com/@rollup/plugin-json/5.0.2_rollup@3.7.0:
    resolution: {integrity: sha512-D1CoOT2wPvadWLhVcmpkDnesTzjhNIQRWLsc3fA49IFOP2Y84cFOOJ+nKGYedvXHKUsPeq07HR4hXpBBr+CHlA==, registry: http://registry.npm.taobao.org/, tarball: https://registry.npmmirror.com/@rollup/plugin-json/-/plugin-json-5.0.2.tgz}
    id: registry.npmmirror.com/@rollup/plugin-json/5.0.2
    name: '@rollup/plugin-json'
    version: 5.0.2
    engines: {node: '>=14.0.0'}
    peerDependencies:
      rollup: ^1.20.0||^2.0.0||^3.0.0
    peerDependenciesMeta:
      rollup:
        optional: true
    dependencies:
      '@rollup/pluginutils': registry.npmmirror.com/@rollup/pluginutils/5.0.2_rollup@3.7.0
      rollup: registry.npmmirror.com/rollup/3.7.0
    dev: false

  registry.npmmirror.com/@rollup/pluginutils/5.0.2_rollup@3.7.0:
    resolution: {integrity: sha512-pTd9rIsP92h+B6wWwFbW8RkZv4hiR/xKsqre4SIuAOaOEQRxi0lqLke9k2/7WegC85GgUs9pjmOjCUi3In4vwA==, registry: http://registry.npm.taobao.org/, tarball: https://registry.npmmirror.com/@rollup/pluginutils/-/pluginutils-5.0.2.tgz}
    id: registry.npmmirror.com/@rollup/pluginutils/5.0.2
    name: '@rollup/pluginutils'
    version: 5.0.2
    engines: {node: '>=14.0.0'}
    peerDependencies:
      rollup: ^1.20.0||^2.0.0||^3.0.0
    peerDependenciesMeta:
      rollup:
        optional: true
    dependencies:
      '@types/estree': registry.npmmirror.com/@types/estree/1.0.0
      estree-walker: registry.npmmirror.com/estree-walker/2.0.2
      picomatch: registry.npmmirror.com/picomatch/2.3.1
      rollup: registry.npmmirror.com/rollup/3.7.0
    dev: false

  registry.npmmirror.com/@types/estree/1.0.0:
    resolution: {integrity: sha512-WulqXMDUTYAXCjZnk6JtIHPigp55cVtDgDrO2gHRwhyJto21+1zbVCtOYB2L1F9w4qCQ0rOGWBnBe0FNTiEJIQ==, registry: http://registry.npm.taobao.org/, tarball: https://registry.npmmirror.com/@types/estree/-/estree-1.0.0.tgz}
    name: '@types/estree'
    version: 1.0.0
    dev: false

  registry.npmmirror.com/estree-walker/2.0.2:
    resolution: {integrity: sha512-Rfkk/Mp/DL7JVje3u18FxFujQlTNR2q6QfMSMB7AvCBx91NGj/ba3kCfza0f6dVDbw7YlRf/nDrn7pQrCCyQ/w==, registry: http://registry.npm.taobao.org/, tarball: https://registry.npmmirror.com/estree-walker/-/estree-walker-2.0.2.tgz}
    name: estree-walker
    version: 2.0.2
    dev: false

  registry.npmmirror.com/fsevents/2.3.2:
    resolution: {integrity: sha512-xiqMQR4xAeHTuB9uWm+fFRcIOgKBMiOBP+eXiyT7jsgVCq1bkVygt00oASowB7EdtpOHaaPgKt812P9ab+DDKA==, registry: http://registry.npm.taobao.org/, tarball: https://registry.npmmirror.com/fsevents/-/fsevents-2.3.2.tgz}
    name: fsevents
    version: 2.3.2
    engines: {node: ^8.16.0 || ^10.6.0 || >=11.0.0}
    os: [darwin]
    requiresBuild: true
    dev: false
    optional: true

  registry.npmmirror.com/picomatch/2.3.1:
    resolution: {integrity: sha512-JU3teHTNjmE2VCGFzuY8EXzCDVwEqB2a8fsIvwaStHhAWJEeVd1o1QD80CU6+ZdEXXSLbSsuLwJjkCBWqRQUVA==, registry: http://registry.npm.taobao.org/, tarball: https://registry.npmmirror.com/picomatch/-/picomatch-2.3.1.tgz}
    name: picomatch
    version: 2.3.1
    engines: {node: '>=8.6'}
    dev: false

  registry.npmmirror.com/rollup/3.7.0:
    resolution: {integrity: sha512-FIJe0msW9P7L9BTfvaJyvn1U1BVCNTL3w8O+PKIrCyiMLg+rIUGb4MbcgVZ10Lnm1uWXOTOWRNARjfXC1+M12Q==, registry: http://registry.npm.taobao.org/, tarball: https://registry.npmmirror.com/rollup/-/rollup-3.7.0.tgz}
    name: rollup
    version: 3.7.0
    engines: {node: '>=14.18.0', npm: '>=8.0.0'}
    hasBin: true
    optionalDependencies:
      fsevents: registry.npmmirror.com/fsevents/2.3.2
    dev: false
